
Microsoft Visual Studio Solution File, Format Version 12.00
# Visual Studio Version 17
VisualStudioVersion = 17.8.34511.84
MinimumVisualStudioVersion = 10.0.40219.1
Project("{9A19103F-16F7-4668-BE54-9A1E7A4F7556}") = "ProClubsPlayerFinder.API", "ProClubsPlayerFinder.API\ProClubsPlayerFinder.API.csproj", "{D8731BB1-3E61-463F-9366-D9687C8DBFD5}"
EndProject
Project("{9A19103F-16F7-4668-BE54-9A1E7A4F7556}") = "ProClubsPlayerFinder.WebAssembly", "ProClubsPlayerFinder.WebAssembly\ProClubsPlayerFinder.WebAssembly.csproj", "{827B9231-591A-42C0-B619-0D6C6CEEA615}"
EndProject
Project("{9A19103F-16F7-4668-BE54-9A1E7A4F7556}") = "ProClubsPlayerFinder.ClassLibrary", "ProClubsPlayerFinder.ClassLibrary\ProClubsPlayerFinder.ClassLibrary.csproj", "{D5DB1FA6-2D48-44F4-93E4-CC3D62C31696}"
EndProject
Global
	GlobalSection(SolutionConfigurationPlatforms) = preSolution
		Debug|Any CPU = Debug|Any CPU
		Release|Any CPU = Release|Any CPU
	EndGlobalSection
	GlobalSection(ProjectConfigurationPlatforms) = postSolution
		{D8731BB1-3E61-463F-9366-D9687C8DBFD5}.Debug|Any CPU.ActiveCfg = Debug|Any CPU
		{D8731BB1-3E61-463F-9366-D9687C8DBFD5}.Debug|Any CPU.Build.0 = Debug|Any CPU
		{D8731BB1-3E61-463F-9366-D9687C8DBFD5}.Release|Any CPU.ActiveCfg = Release|Any CPU
		{D8731BB1-3E61-463F-9366-D9687C8DBFD5}.Release|Any CPU.Build.0 = Release|Any CPU
		{827B9231-591A-42C0-B619-0D6C6CEEA615}.Debug|Any CPU.ActiveCfg = Debug|Any CPU
		{827B9231-591A-42C0-B619-0D6C6CEEA615}.Debug|Any CPU.Build.0 = Debug|Any CPU
		{827B9231-591A-42C0-B619-0D6C6CEEA615}.Release|Any CPU.ActiveCfg = Release|Any CPU
		{827B9231-591A-42C0-B619-0D6C6CEEA615}.Release|Any CPU.Build.0 = Release|Any CPU
		{D5DB1FA6-2D48-44F4-93E4-CC3D62C31696}.Debug|Any CPU.ActiveCfg = Debug|Any CPU
		{D5DB1FA6-2D48-44F4-93E4-CC3D62C31696}.Debug|Any CPU.Build.0 = Debug|Any CPU
		{D5DB1FA6-2D48-44F4-93E4-CC3D62C31696}.Release|Any CPU.ActiveCfg = Release|Any CPU
		{D5DB1FA6-2D48-44F4-93E4-CC3D62C31696}.Release|Any CPU.Build.0 = Release|Any CPU
	EndGlobalSection
	GlobalSection(SolutionProperties) = preSolution
		HideSolutionNode = FALSE
	EndGlobalSection
	GlobalSection(ExtensibilityGlobals) = postSolution
		SolutionGuid = {102652DD-1030-40E2-89ED-190F2F1B4AB7}
	EndGlobalSection
EndGlobal
